
Microsoft Visual Studio Solution File, Format Version 12.00
# Visual Studio 15
VisualStudioVersion = 15.0.26124.0
MinimumVisualStudioVersion = 15.0.26124.0
Project("{9A19103F-16F7-4668-BE54-9A1E7A4F7556}") = "R5T.Goteborg.Standard.Construction", "R5T.Goteborg.Standard.Construction\R5T.Goteborg.Standard.Construction.csproj", "{A11FA067-0175-4191-9235-EA3CAD7792A9}"
EndProject
Project("{9A19103F-16F7-4668-BE54-9A1E7A4F7556}") = "R5T.Goteborg.Standard", "R5T.Goteborg.Standard\R5T.Goteborg.Standard.csproj", "{CD51D613-9C17-460D-B2C8-8A3468E54CEE}"
EndProject
Project("{9A19103F-16F7-4668-BE54-9A1E7A4F7556}") = "R5T.Goteborg.Standard.Testing", "R5T.Goteborg.Standard.Testing\R5T.Goteborg.Standard.Testing.csproj", "{0424C889-04AA-4D86-B64D-EBB5EAC24FF8}"
EndProject
Project("{2150E333-8FDC-42A3-9474-1A3956D46DE8}") = "_Dependencies", "_Dependencies", "{6BAF705D-A42C-4DD9-8320-B9915F90C0F0}"
EndProject
Project("{9A19103F-16F7-4668-BE54-9A1E7A4F7556}") = "R5T.Goteborg.Octokit.Default", "..\..\R5T.Goteborg.Octokit.Default\source\R5T.Goteborg.Octokit.Default\R5T.Goteborg.Octokit.Default.csproj", "{0AEBC5C7-2FE4-415E-AA9C-E6F2F8207D9F}"
EndProject
Project("{9A19103F-16F7-4668-BE54-9A1E7A4F7556}") = "R5T.Goteborg.Octokit.Sardinia", "..\..\R5T.Goteborg.Octokit.Sardinia\source\R5T.Goteborg.Octokit.Sardinia\R5T.Goteborg.Octokit.Sardinia.csproj", "{E5B8FB40-9AF6-4E0E-98CD-CBA36FB595AD}"
EndProject
Project("{9A19103F-16F7-4668-BE54-9A1E7A4F7556}") = "R5T.Polidea.Sardinia", "..\..\R5T.Polidea.Sardinia\source\R5T.Polidea.Sardinia\R5T.Polidea.Sardinia.csproj", "{72F56D6A-6683-488C-ADF4-C531976F5760}"
EndProject
Project("{9A19103F-16F7-4668-BE54-9A1E7A4F7556}") = "R5T.Polidea.Suebia", "..\..\R5T.Polidea.Suebia\source\R5T.Polidea.Suebia\R5T.Polidea.Suebia.csproj", "{30F3BEF8-8A12-4A2A-8C0B-95281694CE40}"
EndProject
Project("{9A19103F-16F7-4668-BE54-9A1E7A4F7556}") = "R5T.Dacia", "..\..\R5T.Dacia\source\R5T.Dacia\R5T.Dacia.csproj", "{839D8D89-5105-454D-A480-DEBB18456744}"
EndProject
Project("{9A19103F-16F7-4668-BE54-9A1E7A4F7556}") = "R5T.Goteborg.Octokit", "..\..\R5T.Goteborg.Octokit\source\R5T.Goteborg.Octokit\R5T.Goteborg.Octokit.csproj", "{A5D15FD0-0E54-49B0-B9CF-40FD08AAE58E}"
EndProject
Project("{9A19103F-16F7-4668-BE54-9A1E7A4F7556}") = "R5T.Goteborg.Base", "..\..\R5T.Goteborg.Base\source\R5T.Goteborg.Base\R5T.Goteborg.Base.csproj", "{19C8B7B2-D12E-41E8-B8BC-712B63CF683A}"
EndProject
Project("{9A19103F-16F7-4668-BE54-9A1E7A4F7556}") = "R5T.Magyar", "..\..\R5T.Magyar\source\R5T.Magyar\R5T.Magyar.csproj", "{34155A5E-102A-4EFC-A076-F83E42C07B0A}"
EndProject
Project("{9A19103F-16F7-4668-BE54-9A1E7A4F7556}") = "R5T.Opatia", "..\..\R5T.Opatia\source\R5T.Opatia\R5T.Opatia.csproj", "{B80591C8-4934-475C-BA4D-37F840263BFA}"
EndProject
Project("{9A19103F-16F7-4668-BE54-9A1E7A4F7556}") = "R5T.Polidea", "..\..\R5T.Polidea\source\R5T.Polidea\R5T.Polidea.csproj", "{75EF7323-C9B4-4A1D-8F74-B8C978C4A5EC}"
EndProject
Project("{9A19103F-16F7-4668-BE54-9A1E7A4F7556}") = "R5T.Sardinia", "..\..\R5T.Sardinia\source\R5T.Sardinia\R5T.Sardinia.csproj", "{A65EBF8A-AD1B-4819-B271-9C394DC30EE7}"
EndProject
Project("{9A19103F-16F7-4668-BE54-9A1E7A4F7556}") = "R5T.Chamavia", "..\..\R5T.Chamavia\source\R5T.Chamavia\R5T.Chamavia.csproj", "{5BFB41AD-CDE0-4965-83B0-6C193D379B16}"
EndProject
Project("{9A19103F-16F7-4668-BE54-9A1E7A4F7556}") = "R5T.Suebia.Extensions", "..\..\R5T.Suebia.Extensions\source\R5T.Suebia.Extensions\R5T.Suebia.Extensions.csproj", "{D09B85DC-2452-434E-A858-E483E844020B}"
EndProject
Project("{9A19103F-16F7-4668-BE54-9A1E7A4F7556}") = "R5T.Suebia.Base", "..\..\R5T.Suebia.Base\source\R5T.Suebia.Base\R5T.Suebia.Base.csproj", "{5C58B3E9-6233-4BE0-BDAF-55A84788A607}"
EndProject
Project("{9A19103F-16F7-4668-BE54-9A1E7A4F7556}") = "R5T.Aalborg", "..\..\R5T.Aalborg\source\R5T.Aalborg\R5T.Aalborg.csproj", "{79DFE6DC-E955-4447-A567-6FE41A5858B4}"
EndProject
Project("{9A19103F-16F7-4668-BE54-9A1E7A4F7556}") = "R5T.Aalborg.Abstractions", "..\..\R5T.Aalborg\source\R5T.Aalborg.Abstractions\R5T.Aalborg.Abstractions.csproj", "{1D2DF3E2-62A9-47D8-A0D2-FE1B174C4606}"
EndProject
Project("{9A19103F-16F7-4668-BE54-9A1E7A4F7556}") = "R5T.Exeter", "..\..\R5T.Exeter\source\R5T.Exeter\R5T.Exeter.csproj", "{0548666C-C830-47DE-93E5-6FAF8217F12C}"
EndProject
Project("{9A19103F-16F7-4668-BE54-9A1E7A4F7556}") = "R5T.Chamavia.Extensions", "..\..\R5T.Chamavia.Extensions\source\R5T.Chamavia.Extensions\R5T.Chamavia.Extensions.csproj", "{2B404694-A07E-4274-A217-452F323595AA}"
EndProject
Project("{9A19103F-16F7-4668-BE54-9A1E7A4F7556}") = "R5T.Dacia.Extensions", "..\..\R5T.Dacia.Extensions\source\R5T.Dacia.Extensions\R5T.Dacia.Extensions.csproj", "{AD466732-EBCB-4C27-B94F-CF57D439C536}"
EndProject
Project("{9A19103F-16F7-4668-BE54-9A1E7A4F7556}") = "R5T.Langobard.Extensions", "..\..\R5T.Langobard.Extensions\source\R5T.Langobard.Extensions\R5T.Langobard.Extensions.csproj", "{EB5EE26C-306C-4313-838C-D61BFB4D09AA}"
EndProject
Project("{9A19103F-16F7-4668-BE54-9A1E7A4F7556}") = "R5T.Langobard.Console", "..\..\R5T.Langobard\source\R5T.Langobard.Console\R5T.Langobard.Console.csproj", "{2F8C05D9-8384-4713-ACCD-68F11B0F7181}"
EndProject
Project("{9A19103F-16F7-4668-BE54-9A1E7A4F7556}") = "R5T.Langobard", "..\..\R5T.Langobard\source\R5T.Langobard\R5T.Langobard.csproj", "{8FA718C3-AAD8-4393-A217-28D06D83331D}"
EndProject
Global
	GlobalSection(SolutionConfigurationPlatforms) = preSolution
		Debug|Any CPU = Debug|Any CPU
		Debug|x64 = Debug|x64
		Debug|x86 = Debug|x86
		Release|Any CPU = Release|Any CPU
		Release|x64 = Release|x64
		Release|x86 = Release|x86
	EndGlobalSection
	GlobalSection(ProjectConfigurationPlatforms) = postSolution
		{A11FA067-0175-4191-9235-EA3CAD7792A9}.Debug|Any CPU.ActiveCfg = Debug|Any CPU
		{A11FA067-0175-4191-9235-EA3CAD7792A9}.Debug|Any CPU.Build.0 = Debug|Any CPU
		{A11FA067-0175-4191-9235-EA3CAD7792A9}.Debug|x64.ActiveCfg = Debug|Any CPU
		{A11FA067-0175-4191-9235-EA3CAD7792A9}.Debug|x64.Build.0 = Debug|Any CPU
		{A11FA067-0175-4191-9235-EA3CAD7792A9}.Debug|x86.ActiveCfg = Debug|Any CPU
		{A11FA067-0175-4191-9235-EA3CAD7792A9}.Debug|x86.Build.0 = Debug|Any CPU
		{A11FA067-0175-4191-9235-EA3CAD7792A9}.Release|Any CPU.ActiveCfg = Release|Any CPU
		{A11FA067-0175-4191-9235-EA3CAD7792A9}.Release|Any CPU.Build.0 = Release|Any CPU
		{A11FA067-0175-4191-9235-EA3CAD7792A9}.Release|x64.ActiveCfg = Release|Any CPU
		{A11FA067-0175-4191-9235-EA3CAD7792A9}.Release|x64.Build.0 = Release|Any CPU
		{A11FA067-0175-4191-9235-EA3CAD7792A9}.Release|x86.ActiveCfg = Release|Any CPU
		{A11FA067-0175-4191-9235-EA3CAD7792A9}.Release|x86.Build.0 = Release|Any CPU
		{CD51D613-9C17-460D-B2C8-8A3468E54CEE}.Debug|Any CPU.ActiveCfg = Debug|Any CPU
		{CD51D613-9C17-460D-B2C8-8A3468E54CEE}.Debug|Any CPU.Build.0 = Debug|Any CPU
		{CD51D613-9C17-460D-B2C8-8A3468E54CEE}.Debug|x64.ActiveCfg = Debug|Any CPU
		{CD51D613-9C17-460D-B2C8-8A3468E54CEE}.Debug|x64.Build.0 = Debug|Any CPU
		{CD51D613-9C17-460D-B2C8-8A3468E54CEE}.Debug|x86.ActiveCfg = Debug|Any CPU
		{CD51D613-9C17-460D-B2C8-8A3468E54CEE}.Debug|x86.Build.0 = Debug|Any CPU
		{CD51D613-9C17-460D-B2C8-8A3468E54CEE}.Release|Any CPU.ActiveCfg = Release|Any CPU
		{CD51D613-9C17-460D-B2C8-8A3468E54CEE}.Release|Any CPU.Build.0 = Release|Any CPU
		{CD51D613-9C17-460D-B2C8-8A3468E54CEE}.Release|x64.ActiveCfg = Release|Any CPU
		{CD51D613-9C17-460D-B2C8-8A3468E54CEE}.Release|x64.Build.0 = Release|Any CPU
		{CD51D613-9C17-460D-B2C8-8A3468E54CEE}.Release|x86.ActiveCfg = Release|Any CPU
		{CD51D613-9C17-460D-B2C8-8A3468E54CEE}.Release|x86.Build.0 = Release|Any CPU
		{0424C889-04AA-4D86-B64D-EBB5EAC24FF8}.Debug|Any CPU.ActiveCfg = Debug|Any CPU
		{0424C889-04AA-4D86-B64D-EBB5EAC24FF8}.Debug|Any CPU.Build.0 = Debug|Any CPU
		{0424C889-04AA-4D86-B64D-EBB5EAC24FF8}.Debug|x64.ActiveCfg = Debug|Any CPU
		{0424C889-04AA-4D86-B64D-EBB5EAC24FF8}.Debug|x64.Build.0 = Debug|Any CPU
		{0424C889-04AA-4D86-B64D-EBB5EAC24FF8}.Debug|x86.ActiveCfg = Debug|Any CPU
		{0424C889-04AA-4D86-B64D-EBB5EAC24FF8}.Debug|x86.Build.0 = Debug|Any CPU
		{0424C889-04AA-4D86-B64D-EBB5EAC24FF8}.Release|Any CPU.ActiveCfg = Release|Any CPU
		{0424C889-04AA-4D86-B64D-EBB5EAC24FF8}.Release|Any CPU.Build.0 = Release|Any CPU
		{0424C889-04AA-4D86-B64D-EBB5EAC24FF8}.Release|x64.ActiveCfg = Release|Any CPU
		{0424C889-04AA-4D86-B64D-EBB5EAC24FF8}.Release|x64.Build.0 = Release|Any CPU
		{0424C889-04AA-4D86-B64D-EBB5EAC24FF8}.Release|x86.ActiveCfg = Release|Any CPU
		{0424C889-04AA-4D86-B64D-EBB5EAC24FF8}.Release|x86.Build.0 = Release|Any CPU
		{0AEBC5C7-2FE4-415E-AA9C-E6F2F8207D9F}.Debug|Any CPU.ActiveCfg = Debug|Any CPU
		{0AEBC5C7-2FE4-415E-AA9C-E6F2F8207D9F}.Debug|Any CPU.Build.0 = Debug|Any CPU
		{0AEBC5C7-2FE4-415E-AA9C-E6F2F8207D9F}.Debug|x64.ActiveCfg = Debug|Any CPU
		{0AEBC5C7-2FE4-415E-AA9C-E6F2F8207D9F}.Debug|x64.Build.0 = Debug|Any CPU
		{0AEBC5C7-2FE4-415E-AA9C-E6F2F8207D9F}.Debug|x86.ActiveCfg = Debug|Any CPU
		{0AEBC5C7-2FE4-415E-AA9C-E6F2F8207D9F}.Debug|x86.Build.0 = Debug|Any CPU
		{0AEBC5C7-2FE4-415E-AA9C-E6F2F8207D9F}.Release|Any CPU.ActiveCfg = Release|Any CPU
		{0AEBC5C7-2FE4-415E-AA9C-E6F2F8207D9F}.Release|Any CPU.Build.0 = Release|Any CPU
		{0AEBC5C7-2FE4-415E-AA9C-E6F2F8207D9F}.Release|x64.ActiveCfg = Release|Any CPU
		{0AEBC5C7-2FE4-415E-AA9C-E6F2F8207D9F}.Release|x64.Build.0 = Release|Any CPU
		{0AEBC5C7-2FE4-415E-AA9C-E6F2F8207D9F}.Release|x86.ActiveCfg = Release|Any CPU
		{0AEBC5C7-2FE4-415E-AA9C-E6F2F8207D9F}.Release|x86.Build.0 = Release|Any CPU
		{E5B8FB40-9AF6-4E0E-98CD-CBA36FB595AD}.Debug|Any CPU.ActiveCfg = Debug|Any CPU
		{E5B8FB40-9AF6-4E0E-98CD-CBA36FB595AD}.Debug|Any CPU.Build.0 = Debug|Any CPU
		{E5B8FB40-9AF6-4E0E-98CD-CBA36FB595AD}.Debug|x64.ActiveCfg = Debug|Any CPU
		{E5B8FB40-9AF6-4E0E-98CD-CBA36FB595AD}.Debug|x64.Build.0 = Debug|Any CPU
		{E5B8FB40-9AF6-4E0E-98CD-CBA36FB595AD}.Debug|x86.ActiveCfg = Debug|Any CPU
		{E5B8FB40-9AF6-4E0E-98CD-CBA36FB595AD}.Debug|x86.Build.0 = Debug|Any CPU
		{E5B8FB40-9AF6-4E0E-98CD-CBA36FB595AD}.Release|Any CPU.ActiveCfg = Release|Any CPU
		{E5B8FB40-9AF6-4E0E-98CD-CBA36FB595AD}.Release|Any CPU.Build.0 = Release|Any CPU
		{E5B8FB40-9AF6-4E0E-98CD-CBA36FB595AD}.Release|x64.ActiveCfg = Release|Any CPU
		{E5B8FB40-9AF6-4E0E-98CD-CBA36FB595AD}.Release|x64.Build.0 = Release|Any CPU
		{E5B8FB40-9AF6-4E0E-98CD-CBA36FB595AD}.Release|x86.ActiveCfg = Release|Any CPU
		{E5B8FB40-9AF6-4E0E-98CD-CBA36FB595AD}.Release|x86.Build.0 = Release|Any CPU
		{72F56D6A-6683-488C-ADF4-C531976F5760}.Debug|Any CPU.ActiveCfg = Debug|Any CPU
		{72F56D6A-6683-488C-ADF4-C531976F5760}.Debug|Any CPU.Build.0 = Debug|Any CPU
		{72F56D6A-6683-488C-ADF4-C531976F5760}.Debug|x64.ActiveCfg = Debug|Any CPU
		{72F56D6A-6683-488C-ADF4-C531976F5760}.Debug|x64.Build.0 = Debug|Any CPU
		{72F56D6A-6683-488C-ADF4-C531976F5760}.Debug|x86.ActiveCfg = Debug|Any CPU
		{72F56D6A-6683-488C-ADF4-C531976F5760}.Debug|x86.Build.0 = Debug|Any CPU
		{72F56D6A-6683-488C-ADF4-C531976F5760}.Release|Any CPU.ActiveCfg = Release|Any CPU
		{72F56D6A-6683-488C-ADF4-C531976F5760}.Release|Any CPU.Build.0 = Release|Any CPU
		{72F56D6A-6683-488C-ADF4-C531976F5760}.Release|x64.ActiveCfg = Release|Any CPU
		{72F56D6A-6683-488C-ADF4-C531976F5760}.Release|x64.Build.0 = Release|Any CPU
		{72F56D6A-6683-488C-ADF4-C531976F5760}.Release|x86.ActiveCfg = Release|Any CPU
		{72F56D6A-6683-488C-ADF4-C531976F5760}.Release|x86.Build.0 = Release|Any CPU
		{30F3BEF8-8A12-4A2A-8C0B-95281694CE40}.Debug|Any CPU.ActiveCfg = Debug|Any CPU
		{30F3BEF8-8A12-4A2A-8C0B-95281694CE40}.Debug|Any CPU.Build.0 = Debug|Any CPU
		{30F3BEF8-8A12-4A2A-8C0B-95281694CE40}.Debug|x64.ActiveCfg = Debug|Any CPU
		{30F3BEF8-8A12-4A2A-8C0B-95281694CE40}.Debug|x64.Build.0 = Debug|Any CPU
		{30F3BEF8-8A12-4A2A-8C0B-95281694CE40}.Debug|x86.ActiveCfg = Debug|Any CPU
		{30F3BEF8-8A12-4A2A-8C0B-95281694CE40}.Debug|x86.Build.0 = Debug|Any CPU
		{30F3BEF8-8A12-4A2A-8C0B-95281694CE40}.Release|Any CPU.ActiveCfg = Release|Any CPU
		{30F3BEF8-8A12-4A2A-8C0B-95281694CE40}.Release|Any CPU.Build.0 = Release|Any CPU
		{30F3BEF8-8A12-4A2A-8C0B-95281694CE40}.Release|x64.ActiveCfg = Release|Any CPU
		{30F3BEF8-8A12-4A2A-8C0B-95281694CE40}.Release|x64.Build.0 = Release|Any CPU
		{30F3BEF8-8A12-4A2A-8C0B-95281694CE40}.Release|x86.ActiveCfg = Release|Any CPU
		{30F3BEF8-8A12-4A2A-8C0B-95281694CE40}.Release|x86.Build.0 = Release|Any CPU
		{839D8D89-5105-454D-A480-DEBB18456744}.Debug|Any CPU.ActiveCfg = Debug|Any CPU
		{839D8D89-5105-454D-A480-DEBB18456744}.Debug|Any CPU.Build.0 = Debug|Any CPU
		{839D8D89-5105-454D-A480-DEBB18456744}.Debug|x64.ActiveCfg = Debug|Any CPU
		{839D8D89-5105-454D-A480-DEBB18456744}.Debug|x64.Build.0 = Debug|Any CPU
		{839D8D89-5105-454D-A480-DEBB18456744}.Debug|x86.ActiveCfg = Debug|Any CPU
		{839D8D89-5105-454D-A480-DEBB18456744}.Debug|x86.Build.0 = Debug|Any CPU
		{839D8D89-5105-454D-A480-DEBB18456744}.Release|Any CPU.ActiveCfg = Release|Any CPU
		{839D8D89-5105-454D-A480-DEBB18456744}.Release|Any CPU.Build.0 = Release|Any CPU
		{839D8D89-5105-454D-A480-DEBB18456744}.Release|x64.ActiveCfg = Release|Any CPU
		{839D8D89-5105-454D-A480-DEBB18456744}.Release|x64.Build.0 = Release|Any CPU
		{839D8D89-5105-454D-A480-DEBB18456744}.Release|x86.ActiveCfg = Release|Any CPU
		{839D8D89-5105-454D-A480-DEBB18456744}.Release|x86.Build.0 = Release|Any CPU
		{A5D15FD0-0E54-49B0-B9CF-40FD08AAE58E}.Debug|Any CPU.ActiveCfg = Debug|Any CPU
		{A5D15FD0-0E54-49B0-B9CF-40FD08AAE58E}.Debug|Any CPU.Build.0 = Debug|Any CPU
		{A5D15FD0-0E54-49B0-B9CF-40FD08AAE58E}.Debug|x64.ActiveCfg = Debug|Any CPU
		{A5D15FD0-0E54-49B0-B9CF-40FD08AAE58E}.Debug|x64.Build.0 = Debug|Any CPU
		{A5D15FD0-0E54-49B0-B9CF-40FD08AAE58E}.Debug|x86.ActiveCfg = Debug|Any CPU
		{A5D15FD0-0E54-49B0-B9CF-40FD08AAE58E}.Debug|x86.Build.0 = Debug|Any CPU
		{A5D15FD0-0E54-49B0-B9CF-40FD08AAE58E}.Release|Any CPU.ActiveCfg = Release|Any CPU
		{A5D15FD0-0E54-49B0-B9CF-40FD08AAE58E}.Release|Any CPU.Build.0 = Release|Any CPU
		{A5D15FD0-0E54-49B0-B9CF-40FD08AAE58E}.Release|x64.ActiveCfg = Release|Any CPU
		{A5D15FD0-0E54-49B0-B9CF-40FD08AAE58E}.Release|x64.Build.0 = Release|Any CPU
		{A5D15FD0-0E54-49B0-B9CF-40FD08AAE58E}.Release|x86.ActiveCfg = Release|Any CPU
		{A5D15FD0-0E54-49B0-B9CF-40FD08AAE58E}.Release|x86.Build.0 = Release|Any CPU
		{19C8B7B2-D12E-41E8-B8BC-712B63CF683A}.Debug|Any CPU.ActiveCfg = Debug|Any CPU
		{19C8B7B2-D12E-41E8-B8BC-712B63CF683A}.Debug|Any CPU.Build.0 = Debug|Any CPU
		{19C8B7B2-D12E-41E8-B8BC-712B63CF683A}.Debug|x64.ActiveCfg = Debug|Any CPU
		{19C8B7B2-D12E-41E8-B8BC-712B63CF683A}.Debug|x64.Build.0 = Debug|Any CPU
		{19C8B7B2-D12E-41E8-B8BC-712B63CF683A}.Debug|x86.ActiveCfg = Debug|Any CPU
		{19C8B7B2-D12E-41E8-B8BC-712B63CF683A}.Debug|x86.Build.0 = Debug|Any CPU
		{19C8B7B2-D12E-41E8-B8BC-712B63CF683A}.Release|Any CPU.ActiveCfg = Release|Any CPU
		{19C8B7B2-D12E-41E8-B8BC-712B63CF683A}.Release|Any CPU.Build.0 = Release|Any CPU
		{19C8B7B2-D12E-41E8-B8BC-712B63CF683A}.Release|x64.ActiveCfg = Release|Any CPU
		{19C8B7B2-D12E-41E8-B8BC-712B63CF683A}.Release|x64.Build.0 = Release|Any CPU
		{19C8B7B2-D12E-41E8-B8BC-712B63CF683A}.Release|x86.ActiveCfg = Release|Any CPU
		{19C8B7B2-D12E-41E8-B8BC-712B63CF683A}.Release|x86.Build.0 = Release|Any CPU
		{34155A5E-102A-4EFC-A076-F83E42C07B0A}.Debug|Any CPU.ActiveCfg = Debug|Any CPU
		{34155A5E-102A-4EFC-A076-F83E42C07B0A}.Debug|Any CPU.Build.0 = Debug|Any CPU
		{34155A5E-102A-4EFC-A076-F83E42C07B0A}.Debug|x64.ActiveCfg = Debug|Any CPU
		{34155A5E-102A-4EFC-A076-F83E42C07B0A}.Debug|x64.Build.0 = Debug|Any CPU
		{34155A5E-102A-4EFC-A076-F83E42C07B0A}.Debug|x86.ActiveCfg = Debug|Any CPU
		{34155A5E-102A-4EFC-A076-F83E42C07B0A}.Debug|x86.Build.0 = Debug|Any CPU
		{34155A5E-102A-4EFC-A076-F83E42C07B0A}.Release|Any CPU.ActiveCfg = Release|Any CPU
		{34155A5E-102A-4EFC-A076-F83E42C07B0A}.Release|Any CPU.Build.0 = Release|Any CPU
		{34155A5E-102A-4EFC-A076-F83E42C07B0A}.Release|x64.ActiveCfg = Release|Any CPU
		{34155A5E-102A-4EFC-A076-F83E42C07B0A}.Release|x64.Build.0 = Release|Any CPU
		{34155A5E-102A-4EFC-A076-F83E42C07B0A}.Release|x86.ActiveCfg = Release|Any CPU
		{34155A5E-102A-4EFC-A076-F83E42C07B0A}.Release|x86.Build.0 = Release|Any CPU
		{B80591C8-4934-475C-BA4D-37F840263BFA}.Debug|Any CPU.ActiveCfg = Debug|Any CPU
		{B80591C8-4934-475C-BA4D-37F840263BFA}.Debug|Any CPU.Build.0 = Debug|Any CPU
		{B80591C8-4934-475C-BA4D-37F840263BFA}.Debug|x64.ActiveCfg = Debug|Any CPU
		{B80591C8-4934-475C-BA4D-37F840263BFA}.Debug|x64.Build.0 = Debug|Any CPU
		{B80591C8-4934-475C-BA4D-37F840263BFA}.Debug|x86.ActiveCfg = Debug|Any CPU
		{B80591C8-4934-475C-BA4D-37F840263BFA}.Debug|x86.Build.0 = Debug|Any CPU
		{B80591C8-4934-475C-BA4D-37F840263BFA}.Release|Any CPU.ActiveCfg = Release|Any CPU
		{B80591C8-4934-475C-BA4D-37F840263BFA}.Release|Any CPU.Build.0 = Release|Any CPU
		{B80591C8-4934-475C-BA4D-37F840263BFA}.Release|x64.ActiveCfg = Release|Any CPU
		{B80591C8-4934-475C-BA4D-37F840263BFA}.Release|x64.Build.0 = Release|Any CPU
		{B80591C8-4934-475C-BA4D-37F840263BFA}.Release|x86.ActiveCfg = Release|Any CPU
		{B80591C8-4934-475C-BA4D-37F840263BFA}.Release|x86.Build.0 = Release|Any CPU
		{75EF7323-C9B4-4A1D-8F74-B8C978C4A5EC}.Debug|Any CPU.ActiveCfg = Debug|Any CPU
		{75EF7323-C9B4-4A1D-8F74-B8C978C4A5EC}.Debug|Any CPU.Build.0 = Debug|Any CPU
		{75EF7323-C9B4-4A1D-8F74-B8C978C4A5EC}.Debug|x64.ActiveCfg = Debug|Any CPU
		{75EF7323-C9B4-4A1D-8F74-B8C978C4A5EC}.Debug|x64.Build.0 = Debug|Any CPU
		{75EF7323-C9B4-4A1D-8F74-B8C978C4A5EC}.Debug|x86.ActiveCfg = Debug|Any CPU
		{75EF7323-C9B4-4A1D-8F74-B8C978C4A5EC}.Debug|x86.Build.0 = Debug|Any CPU
		{75EF7323-C9B4-4A1D-8F74-B8C978C4A5EC}.Release|Any CPU.ActiveCfg = Release|Any CPU
		{75EF7323-C9B4-4A1D-8F74-B8C978C4A5EC}.Release|Any CPU.Build.0 = Release|Any CPU
		{75EF7323-C9B4-4A1D-8F74-B8C978C4A5EC}.Release|x64.ActiveCfg = Release|Any CPU
		{75EF7323-C9B4-4A1D-8F74-B8C978C4A5EC}.Release|x64.Build.0 = Release|Any CPU
		{75EF7323-C9B4-4A1D-8F74-B8C978C4A5EC}.Release|x86.ActiveCfg = Release|Any CPU
		{75EF7323-C9B4-4A1D-8F74-B8C978C4A5EC}.Release|x86.Build.0 = Release|Any CPU
		{A65EBF8A-AD1B-4819-B271-9C394DC30EE7}.Debug|Any CPU.ActiveCfg = Debug|Any CPU
		{A65EBF8A-AD1B-4819-B271-9C394DC30EE7}.Debug|Any CPU.Build.0 = Debug|Any CPU
		{A65EBF8A-AD1B-4819-B271-9C394DC30EE7}.Debug|x64.ActiveCfg = Debug|Any CPU
		{A65EBF8A-AD1B-4819-B271-9C394DC30EE7}.Debug|x64.Build.0 = Debug|Any CPU
		{A65EBF8A-AD1B-4819-B271-9C394DC30EE7}.Debug|x86.ActiveCfg = Debug|Any CPU
		{A65EBF8A-AD1B-4819-B271-9C394DC30EE7}.Debug|x86.Build.0 = Debug|Any CPU
		{A65EBF8A-AD1B-4819-B271-9C394DC30EE7}.Release|Any CPU.ActiveCfg = Release|Any CPU
		{A65EBF8A-AD1B-4819-B271-9C394DC30EE7}.Release|Any CPU.Build.0 = Release|Any CPU
		{A65EBF8A-AD1B-4819-B271-9C394DC30EE7}.Release|x64.ActiveCfg = Release|Any CPU
		{A65EBF8A-AD1B-4819-B271-9C394DC30EE7}.Release|x64.Build.0 = Release|Any CPU
		{A65EBF8A-AD1B-4819-B271-9C394DC30EE7}.Release|x86.ActiveCfg = Release|Any CPU
		{A65EBF8A-AD1B-4819-B271-9C394DC30EE7}.Release|x86.Build.0 = Release|Any CPU
		{5BFB41AD-CDE0-4965-83B0-6C193D379B16}.Debug|Any CPU.ActiveCfg = Debug|Any CPU
		{5BFB41AD-CDE0-4965-83B0-6C193D379B16}.Debug|Any CPU.Build.0 = Debug|Any CPU
		{5BFB41AD-CDE0-4965-83B0-6C193D379B16}.Debug|x64.ActiveCfg = Debug|Any CPU
		{5BFB41AD-CDE0-4965-83B0-6C193D379B16}.Debug|x64.Build.0 = Debug|Any CPU
		{5BFB41AD-CDE0-4965-83B0-6C193D379B16}.Debug|x86.ActiveCfg = Debug|Any CPU
		{5BFB41AD-CDE0-4965-83B0-6C193D379B16}.Debug|x86.Build.0 = Debug|Any CPU
		{5BFB41AD-CDE0-4965-83B0-6C193D379B16}.Release|Any CPU.ActiveCfg = Release|Any CPU
		{5BFB41AD-CDE0-4965-83B0-6C193D379B16}.Release|Any CPU.Build.0 = Release|Any CPU
		{5BFB41AD-CDE0-4965-83B0-6C193D379B16}.Release|x64.ActiveCfg = Release|Any CPU
		{5BFB41AD-CDE0-4965-83B0-6C193D379B16}.Release|x64.Build.0 = Release|Any CPU
		{5BFB41AD-CDE0-4965-83B0-6C193D379B16}.Release|x86.ActiveCfg = Release|Any CPU
		{5BFB41AD-CDE0-4965-83B0-6C193D379B16}.Release|x86.Build.0 = Release|Any CPU
		{D09B85DC-2452-434E-A858-E483E844020B}.Debug|Any CPU.ActiveCfg = Debug|Any CPU
		{D09B85DC-2452-434E-A858-E483E844020B}.Debug|Any CPU.Build.0 = Debug|Any CPU
		{D09B85DC-2452-434E-A858-E483E844020B}.Debug|x64.ActiveCfg = Debug|Any CPU
		{D09B85DC-2452-434E-A858-E483E844020B}.Debug|x64.Build.0 = Debug|Any CPU
		{D09B85DC-2452-434E-A858-E483E844020B}.Debug|x86.ActiveCfg = Debug|Any CPU
		{D09B85DC-2452-434E-A858-E483E844020B}.Debug|x86.Build.0 = Debug|Any CPU
		{D09B85DC-2452-434E-A858-E483E844020B}.Release|Any CPU.ActiveCfg = Release|Any CPU
		{D09B85DC-2452-434E-A858-E483E844020B}.Release|Any CPU.Build.0 = Release|Any CPU
		{D09B85DC-2452-434E-A858-E483E844020B}.Release|x64.ActiveCfg = Release|Any CPU
		{D09B85DC-2452-434E-A858-E483E844020B}.Release|x64.Build.0 = Release|Any CPU
		{D09B85DC-2452-434E-A858-E483E844020B}.Release|x86.ActiveCfg = Release|Any CPU
		{D09B85DC-2452-434E-A858-E483E844020B}.Release|x86.Build.0 = Release|Any CPU
		{5C58B3E9-6233-4BE0-BDAF-55A84788A607}.Debug|Any CPU.ActiveCfg = Debug|Any CPU
		{5C58B3E9-6233-4BE0-BDAF-55A84788A607}.Debug|Any CPU.Build.0 = Debug|Any CPU
		{5C58B3E9-6233-4BE0-BDAF-55A84788A607}.Debug|x64.ActiveCfg = Debug|Any CPU
		{5C58B3E9-6233-4BE0-BDAF-55A84788A607}.Debug|x64.Build.0 = Debug|Any CPU
		{5C58B3E9-6233-4BE0-BDAF-55A84788A607}.Debug|x86.ActiveCfg = Debug|Any CPU
		{5C58B3E9-6233-4BE0-BDAF-55A84788A607}.Debug|x86.Build.0 = Debug|Any CPU
		{5C58B3E9-6233-4BE0-BDAF-55A84788A607}.Release|Any CPU.ActiveCfg = Release|Any CPU
		{5C58B3E9-6233-4BE0-BDAF-55A84788A607}.Release|Any CPU.Build.0 = Release|Any CPU
		{5C58B3E9-6233-4BE0-BDAF-55A84788A607}.Release|x64.ActiveCfg = Release|Any CPU
		{5C58B3E9-6233-4BE0-BDAF-55A84788A607}.Release|x64.Build.0 = Release|Any CPU
		{5C58B3E9-6233-4BE0-BDAF-55A84788A607}.Release|x86.ActiveCfg = Release|Any CPU
		{5C58B3E9-6233-4BE0-BDAF-55A84788A607}.Release|x86.Build.0 = Release|Any CPU
		{79DFE6DC-E955-4447-A567-6FE41A5858B4}.Debug|Any CPU.ActiveCfg = Debug|Any CPU
		{79DFE6DC-E955-4447-A567-6FE41A5858B4}.Debug|Any CPU.Build.0 = Debug|Any CPU
		{79DFE6DC-E955-4447-A567-6FE41A5858B4}.Debug|x64.ActiveCfg = Debug|Any CPU
		{79DFE6DC-E955-4447-A567-6FE41A5858B4}.Debug|x64.Build.0 = Debug|Any CPU
		{79DFE6DC-E955-4447-A567-6FE41A5858B4}.Debug|x86.ActiveCfg = Debug|Any CPU
		{79DFE6DC-E955-4447-A567-6FE41A5858B4}.Debug|x86.Build.0 = Debug|Any CPU
		{79DFE6DC-E955-4447-A567-6FE41A5858B4}.Release|Any CPU.ActiveCfg = Release|Any CPU
		{79DFE6DC-E955-4447-A567-6FE41A5858B4}.Release|Any CPU.Build.0 = Release|Any CPU
		{79DFE6DC-E955-4447-A567-6FE41A5858B4}.Release|x64.ActiveCfg = Release|Any CPU
		{79DFE6DC-E955-4447-A567-6FE41A5858B4}.Release|x64.Build.0 = Release|Any CPU
		{79DFE6DC-E955-4447-A567-6FE41A5858B4}.Release|x86.ActiveCfg = Release|Any CPU
		{79DFE6DC-E955-4447-A567-6FE41A5858B4}.Release|x86.Build.0 = Release|Any CPU
		{1D2DF3E2-62A9-47D8-A0D2-FE1B174C4606}.Debug|Any CPU.ActiveCfg = Debug|Any CPU
		{1D2DF3E2-62A9-47D8-A0D2-FE1B174C4606}.Debug|Any CPU.Build.0 = Debug|Any CPU
		{1D2DF3E2-62A9-47D8-A0D2-FE1B174C4606}.Debug|x64.ActiveCfg = Debug|Any CPU
		{1D2DF3E2-62A9-47D8-A0D2-FE1B174C4606}.Debug|x64.Build.0 = Debug|Any CPU
		{1D2DF3E2-62A9-47D8-A0D2-FE1B174C4606}.Debug|x86.ActiveCfg = Debug|Any CPU
		{1D2DF3E2-62A9-47D8-A0D2-FE1B174C4606}.Debug|x86.Build.0 = Debug|Any CPU
		{1D2DF3E2-62A9-47D8-A0D2-FE1B174C4606}.Release|Any CPU.ActiveCfg = Release|Any CPU
		{1D2DF3E2-62A9-47D8-A0D2-FE1B174C4606}.Release|Any CPU.Build.0 = Release|Any CPU
		{1D2DF3E2-62A9-47D8-A0D2-FE1B174C4606}.Release|x64.ActiveCfg = Release|Any CPU
		{1D2DF3E2-62A9-47D8-A0D2-FE1B174C4606}.Release|x64.Build.0 = Release|Any CPU
		{1D2DF3E2-62A9-47D8-A0D2-FE1B174C4606}.Release|x86.ActiveCfg = Release|Any CPU
		{1D2DF3E2-62A9-47D8-A0D2-FE1B174C4606}.Release|x86.Build.0 = Release|Any CPU
		{0548666C-C830-47DE-93E5-6FAF8217F12C}.Debug|Any CPU.ActiveCfg = Debug|Any CPU
		{0548666C-C830-47DE-93E5-6FAF8217F12C}.Debug|Any CPU.Build.0 = Debug|Any CPU
		{0548666C-C830-47DE-93E5-6FAF8217F12C}.Debug|x64.ActiveCfg = Debug|Any CPU
		{0548666C-C830-47DE-93E5-6FAF8217F12C}.Debug|x64.Build.0 = Debug|Any CPU
		{0548666C-C830-47DE-93E5-6FAF8217F12C}.Debug|x86.ActiveCfg = Debug|Any CPU
		{0548666C-C830-47DE-93E5-6FAF8217F12C}.Debug|x86.Build.0 = Debug|Any CPU
		{0548666C-C830-47DE-93E5-6FAF8217F12C}.Release|Any CPU.ActiveCfg = Release|Any CPU
		{0548666C-C830-47DE-93E5-6FAF8217F12C}.Release|Any CPU.Build.0 = Release|Any CPU
		{0548666C-C830-47DE-93E5-6FAF8217F12C}.Release|x64.ActiveCfg = Release|Any CPU
		{0548666C-C830-47DE-93E5-6FAF8217F12C}.Release|x64.Build.0 = Release|Any CPU
		{0548666C-C830-47DE-93E5-6FAF8217F12C}.Release|x86.ActiveCfg = Release|Any CPU
		{0548666C-C830-47DE-93E5-6FAF8217F12C}.Release|x86.Build.0 = Release|Any CPU
		{2B404694-A07E-4274-A217-452F323595AA}.Debug|Any CPU.ActiveCfg = Debug|Any CPU
		{2B404694-A07E-4274-A217-452F323595AA}.Debug|Any CPU.Build.0 = Debug|Any CPU
		{2B404694-A07E-4274-A217-452F323595AA}.Debug|x64.ActiveCfg = Debug|Any CPU
		{2B404694-A07E-4274-A217-452F323595AA}.Debug|x64.Build.0 = Debug|Any CPU
		{2B404694-A07E-4274-A217-452F323595AA}.Debug|x86.ActiveCfg = Debug|Any CPU
		{2B404694-A07E-4274-A217-452F323595AA}.Debug|x86.Build.0 = Debug|Any CPU
		{2B404694-A07E-4274-A217-452F323595AA}.Release|Any CPU.ActiveCfg = Release|Any CPU
		{2B404694-A07E-4274-A217-452F323595AA}.Release|Any CPU.Build.0 = Release|Any CPU
		{2B404694-A07E-4274-A217-452F323595AA}.Release|x64.ActiveCfg = Release|Any CPU
		{2B404694-A07E-4274-A217-452F323595AA}.Release|x64.Build.0 = Release|Any CPU
		{2B404694-A07E-4274-A217-452F323595AA}.Release|x86.ActiveCfg = Release|Any CPU
		{2B404694-A07E-4274-A217-452F323595AA}.Release|x86.Build.0 = Release|Any CPU
		{AD466732-EBCB-4C27-B94F-CF57D439C536}.Debug|Any CPU.ActiveCfg = Debug|Any CPU
		{AD466732-EBCB-4C27-B94F-CF57D439C536}.Debug|Any CPU.Build.0 = Debug|Any CPU
		{AD466732-EBCB-4C27-B94F-CF57D439C536}.Debug|x64.ActiveCfg = Debug|Any CPU
		{AD466732-EBCB-4C27-B94F-CF57D439C536}.Debug|x64.Build.0 = Debug|Any CPU
		{AD466732-EBCB-4C27-B94F-CF57D439C536}.Debug|x86.ActiveCfg = Debug|Any CPU
		{AD466732-EBCB-4C27-B94F-CF57D439C536}.Debug|x86.Build.0 = Debug|Any CPU
		{AD466732-EBCB-4C27-B94F-CF57D439C536}.Release|Any CPU.ActiveCfg = Release|Any CPU
		{AD466732-EBCB-4C27-B94F-CF57D439C536}.Release|Any CPU.Build.0 = Release|Any CPU
		{AD466732-EBCB-4C27-B94F-CF57D439C536}.Release|x64.ActiveCfg = Release|Any CPU
		{AD466732-EBCB-4C27-B94F-CF57D439C536}.Release|x64.Build.0 = Release|Any CPU
		{AD466732-EBCB-4C27-B94F-CF57D439C536}.Release|x86.ActiveCfg = Release|Any CPU
		{AD466732-EBCB-4C27-B94F-CF57D439C536}.Release|x86.Build.0 = Release|Any CPU
		{EB5EE26C-306C-4313-838C-D61BFB4D09AA}.Debug|Any CPU.ActiveCfg = Debug|Any CPU
		{EB5EE26C-306C-4313-838C-D61BFB4D09AA}.Debug|Any CPU.Build.0 = Debug|Any CPU
		{EB5EE26C-306C-4313-838C-D61BFB4D09AA}.Debug|x64.ActiveCfg = Debug|Any CPU
		{EB5EE26C-306C-4313-838C-D61BFB4D09AA}.Debug|x64.Build.0 = Debug|Any CPU
		{EB5EE26C-306C-4313-838C-D61BFB4D09AA}.Debug|x86.ActiveCfg = Debug|Any CPU
		{EB5EE26C-306C-4313-838C-D61BFB4D09AA}.Debug|x86.Build.0 = Debug|Any CPU
		{EB5EE26C-306C-4313-838C-D61BFB4D09AA}.Release|Any CPU.ActiveCfg = Release|Any CPU
		{EB5EE26C-306C-4313-838C-D61BFB4D09AA}.Release|Any CPU.Build.0 = Release|Any CPU
		{EB5EE26C-306C-4313-838C-D61BFB4D09AA}.Release|x64.ActiveCfg = Release|Any CPU
		{EB5EE26C-306C-4313-838C-D61BFB4D09AA}.Release|x64.Build.0 = Release|Any CPU
		{EB5EE26C-306C-4313-838C-D61BFB4D09AA}.Release|x86.ActiveCfg = Release|Any CPU
		{EB5EE26C-306C-4313-838C-D61BFB4D09AA}.Release|x86.Build.0 = Release|Any CPU
		{2F8C05D9-8384-4713-ACCD-68F11B0F7181}.Debug|Any CPU.ActiveCfg = Debug|Any CPU
		{2F8C05D9-8384-4713-ACCD-68F11B0F7181}.Debug|Any CPU.Build.0 = Debug|Any CPU
		{2F8C05D9-8384-4713-ACCD-68F11B0F7181}.Debug|x64.ActiveCfg = Debug|Any CPU
		{2F8C05D9-8384-4713-ACCD-68F11B0F7181}.Debug|x64.Build.0 = Debug|Any CPU
		{2F8C05D9-8384-4713-ACCD-68F11B0F7181}.Debug|x86.ActiveCfg = Debug|Any CPU
		{2F8C05D9-8384-4713-ACCD-68F11B0F7181}.Debug|x86.Build.0 = Debug|Any CPU
		{2F8C05D9-8384-4713-ACCD-68F11B0F7181}.Release|Any CPU.ActiveCfg = Release|Any CPU
		{2F8C05D9-8384-4713-ACCD-68F11B0F7181}.Release|Any CPU.Build.0 = Release|Any CPU
		{2F8C05D9-8384-4713-ACCD-68F11B0F7181}.Release|x64.ActiveCfg = Release|Any CPU
		{2F8C05D9-8384-4713-ACCD-68F11B0F7181}.Release|x64.Build.0 = Release|Any CPU
		{2F8C05D9-8384-4713-ACCD-68F11B0F7181}.Release|x86.ActiveCfg = Release|Any CPU
		{2F8C05D9-8384-4713-ACCD-68F11B0F7181}.Release|x86.Build.0 = Release|Any CPU
		{8FA718C3-AAD8-4393-A217-28D06D83331D}.Debug|Any CPU.ActiveCfg = Debug|Any CPU
		{8FA718C3-AAD8-4393-A217-28D06D83331D}.Debug|Any CPU.Build.0 = Debug|Any CPU
		{8FA718C3-AAD8-4393-A217-28D06D83331D}.Debug|x64.ActiveCfg = Debug|Any CPU
		{8FA718C3-AAD8-4393-A217-28D06D83331D}.Debug|x64.Build.0 = Debug|Any CPU
		{8FA718C3-AAD8-4393-A217-28D06D83331D}.Debug|x86.ActiveCfg = Debug|Any CPU
		{8FA718C3-AAD8-4393-A217-28D06D83331D}.Debug|x86.Build.0 = Debug|Any CPU
		{8FA718C3-AAD8-4393-A217-28D06D83331D}.Release|Any CPU.ActiveCfg = Release|Any CPU
		{8FA718C3-AAD8-4393-A217-28D06D83331D}.Release|Any CPU.Build.0 = Release|Any CPU
		{8FA718C3-AAD8-4393-A217-28D06D83331D}.Release|x64.ActiveCfg = Release|Any CPU
		{8FA718C3-AAD8-4393-A217-28D06D83331D}.Release|x64.Build.0 = Release|Any CPU
		{8FA718C3-AAD8-4393-A217-28D06D83331D}.Release|x86.ActiveCfg = Release|Any CPU
		{8FA718C3-AAD8-4393-A217-28D06D83331D}.Release|x86.Build.0 = Release|Any CPU
	EndGlobalSection
	GlobalSection(SolutionProperties) = preSolution
		HideSolutionNode = FALSE
	EndGlobalSection
	GlobalSection(NestedProjects) = preSolution
		{0AEBC5C7-2FE4-415E-AA9C-E6F2F8207D9F} = {6BAF705D-A42C-4DD9-8320-B9915F90C0F0}
		{E5B8FB40-9AF6-4E0E-98CD-CBA36FB595AD} = {6BAF705D-A42C-4DD9-8320-B9915F90C0F0}
		{72F56D6A-6683-488C-ADF4-C531976F5760} = {6BAF705D-A42C-4DD9-8320-B9915F90C0F0}
		{30F3BEF8-8A12-4A2A-8C0B-95281694CE40} = {6BAF705D-A42C-4DD9-8320-B9915F90C0F0}
		{839D8D89-5105-454D-A480-DEBB18456744} = {6BAF705D-A42C-4DD9-8320-B9915F90C0F0}
		{A5D15FD0-0E54-49B0-B9CF-40FD08AAE58E} = {6BAF705D-A42C-4DD9-8320-B9915F90C0F0}
		{19C8B7B2-D12E-41E8-B8BC-712B63CF683A} = {6BAF705D-A42C-4DD9-8320-B9915F90C0F0}
		{34155A5E-102A-4EFC-A076-F83E42C07B0A} = {6BAF705D-A42C-4DD9-8320-B9915F90C0F0}
		{B80591C8-4934-475C-BA4D-37F840263BFA} = {6BAF705D-A42C-4DD9-8320-B9915F90C0F0}
		{75EF7323-C9B4-4A1D-8F74-B8C978C4A5EC} = {6BAF705D-A42C-4DD9-8320-B9915F90C0F0}
		{A65EBF8A-AD1B-4819-B271-9C394DC30EE7} = {6BAF705D-A42C-4DD9-8320-B9915F90C0F0}
		{5BFB41AD-CDE0-4965-83B0-6C193D379B16} = {6BAF705D-A42C-4DD9-8320-B9915F90C0F0}
		{D09B85DC-2452-434E-A858-E483E844020B} = {6BAF705D-A42C-4DD9-8320-B9915F90C0F0}
		{5C58B3E9-6233-4BE0-BDAF-55A84788A607} = {6BAF705D-A42C-4DD9-8320-B9915F90C0F0}
		{79DFE6DC-E955-4447-A567-6FE41A5858B4} = {6BAF705D-A42C-4DD9-8320-B9915F90C0F0}
		{1D2DF3E2-62A9-47D8-A0D2-FE1B174C4606} = {6BAF705D-A42C-4DD9-8320-B9915F90C0F0}
		{0548666C-C830-47DE-93E5-6FAF8217F12C} = {6BAF705D-A42C-4DD9-8320-B9915F90C0F0}
		{2B404694-A07E-4274-A217-452F323595AA} = {6BAF705D-A42C-4DD9-8320-B9915F90C0F0}
		{AD466732-EBCB-4C27-B94F-CF57D439C536} = {6BAF705D-A42C-4DD9-8320-B9915F90C0F0}
		{EB5EE26C-306C-4313-838C-D61BFB4D09AA} = {6BAF705D-A42C-4DD9-8320-B9915F90C0F0}
		{2F8C05D9-8384-4713-ACCD-68F11B0F7181} = {6BAF705D-A42C-4DD9-8320-B9915F90C0F0}
		{8FA718C3-AAD8-4393-A217-28D06D83331D} = {6BAF705D-A42C-4DD9-8320-B9915F90C0F0}
	EndGlobalSection
	GlobalSection(ExtensibilityGlobals) = postSolution
		SolutionGuid = {CAACDF30-F066-4E21-B995-692FEB189DA3}
	EndGlobalSection
EndGlobal
