
Microsoft Visual Studio Solution File, Format Version 12.00
# Visual Studio 15
VisualStudioVersion = 15.0.26124.0
MinimumVisualStudioVersion = 15.0.26124.0
Project("{FAE04EC0-301F-11D3-BF4B-00C04F79EFBC}") = "R5T.Goteborg.Standard.Construction", "R5T.Goteborg.Standard.Construction\R5T.Goteborg.Standard.Construction.csproj", "{A11FA067-0175-4191-9235-EA3CAD7792A9}"
EndProject
Project("{FAE04EC0-301F-11D3-BF4B-00C04F79EFBC}") = "R5T.Goteborg.Standard", "R5T.Goteborg.Standard\R5T.Goteborg.Standard.csproj", "{CD51D613-9C17-460D-B2C8-8A3468E54CEE}"
EndProject
Project("{FAE04EC0-301F-11D3-BF4B-00C04F79EFBC}") = "R5T.Goteborg.Standard.Testing", "R5T.Goteborg.Standard.Testing\R5T.Goteborg.Standard.Testing.csproj", "{0424C889-04AA-4D86-B64D-EBB5EAC24FF8}"
EndProject
Global
	GlobalSection(SolutionConfigurationPlatforms) = preSolution
		Debug|Any CPU = Debug|Any CPU
		Debug|x64 = Debug|x64
		Debug|x86 = Debug|x86
		Release|Any CPU = Release|Any CPU
		Release|x64 = Release|x64
		Release|x86 = Release|x86
	EndGlobalSection
	GlobalSection(SolutionProperties) = preSolution
		HideSolutionNode = FALSE
	EndGlobalSection
	GlobalSection(ProjectConfigurationPlatforms) = postSolution
		{A11FA067-0175-4191-9235-EA3CAD7792A9}.Debug|Any CPU.ActiveCfg = Debug|Any CPU
		{A11FA067-0175-4191-9235-EA3CAD7792A9}.Debug|Any CPU.Build.0 = Debug|Any CPU
		{A11FA067-0175-4191-9235-EA3CAD7792A9}.Debug|x64.ActiveCfg = Debug|Any CPU
		{A11FA067-0175-4191-9235-EA3CAD7792A9}.Debug|x64.Build.0 = Debug|Any CPU
		{A11FA067-0175-4191-9235-EA3CAD7792A9}.Debug|x86.ActiveCfg = Debug|Any CPU
		{A11FA067-0175-4191-9235-EA3CAD7792A9}.Debug|x86.Build.0 = Debug|Any CPU
		{A11FA067-0175-4191-9235-EA3CAD7792A9}.Release|Any CPU.ActiveCfg = Release|Any CPU
		{A11FA067-0175-4191-9235-EA3CAD7792A9}.Release|Any CPU.Build.0 = Release|Any CPU
		{A11FA067-0175-4191-9235-EA3CAD7792A9}.Release|x64.ActiveCfg = Release|Any CPU
		{A11FA067-0175-4191-9235-EA3CAD7792A9}.Release|x64.Build.0 = Release|Any CPU
		{A11FA067-0175-4191-9235-EA3CAD7792A9}.Release|x86.ActiveCfg = Release|Any CPU
		{A11FA067-0175-4191-9235-EA3CAD7792A9}.Release|x86.Build.0 = Release|Any CPU
		{CD51D613-9C17-460D-B2C8-8A3468E54CEE}.Debug|Any CPU.ActiveCfg = Debug|Any CPU
		{CD51D613-9C17-460D-B2C8-8A3468E54CEE}.Debug|Any CPU.Build.0 = Debug|Any CPU
		{CD51D613-9C17-460D-B2C8-8A3468E54CEE}.Debug|x64.ActiveCfg = Debug|Any CPU
		{CD51D613-9C17-460D-B2C8-8A3468E54CEE}.Debug|x64.Build.0 = Debug|Any CPU
		{CD51D613-9C17-460D-B2C8-8A3468E54CEE}.Debug|x86.ActiveCfg = Debug|Any CPU
		{CD51D613-9C17-460D-B2C8-8A3468E54CEE}.Debug|x86.Build.0 = Debug|Any CPU
		{CD51D613-9C17-460D-B2C8-8A3468E54CEE}.Release|Any CPU.ActiveCfg = Release|Any CPU
		{CD51D613-9C17-460D-B2C8-8A3468E54CEE}.Release|Any CPU.Build.0 = Release|Any CPU
		{CD51D613-9C17-460D-B2C8-8A3468E54CEE}.Release|x64.ActiveCfg = Release|Any CPU
		{CD51D613-9C17-460D-B2C8-8A3468E54CEE}.Release|x64.Build.0 = Release|Any CPU
		{CD51D613-9C17-460D-B2C8-8A3468E54CEE}.Release|x86.ActiveCfg = Release|Any CPU
		{CD51D613-9C17-460D-B2C8-8A3468E54CEE}.Release|x86.Build.0 = Release|Any CPU
		{0424C889-04AA-4D86-B64D-EBB5EAC24FF8}.Debug|Any CPU.ActiveCfg = Debug|Any CPU
		{0424C889-04AA-4D86-B64D-EBB5EAC24FF8}.Debug|Any CPU.Build.0 = Debug|Any CPU
		{0424C889-04AA-4D86-B64D-EBB5EAC24FF8}.Debug|x64.ActiveCfg = Debug|Any CPU
		{0424C889-04AA-4D86-B64D-EBB5EAC24FF8}.Debug|x64.Build.0 = Debug|Any CPU
		{0424C889-04AA-4D86-B64D-EBB5EAC24FF8}.Debug|x86.ActiveCfg = Debug|Any CPU
		{0424C889-04AA-4D86-B64D-EBB5EAC24FF8}.Debug|x86.Build.0 = Debug|Any CPU
		{0424C889-04AA-4D86-B64D-EBB5EAC24FF8}.Release|Any CPU.ActiveCfg = Release|Any CPU
		{0424C889-04AA-4D86-B64D-EBB5EAC24FF8}.Release|Any CPU.Build.0 = Release|Any CPU
		{0424C889-04AA-4D86-B64D-EBB5EAC24FF8}.Release|x64.ActiveCfg = Release|Any CPU
		{0424C889-04AA-4D86-B64D-EBB5EAC24FF8}.Release|x64.Build.0 = Release|Any CPU
		{0424C889-04AA-4D86-B64D-EBB5EAC24FF8}.Release|x86.ActiveCfg = Release|Any CPU
		{0424C889-04AA-4D86-B64D-EBB5EAC24FF8}.Release|x86.Build.0 = Release|Any CPU
	EndGlobalSection
EndGlobal
